
Microsoft Visual Studio Solution File, Format Version 12.00
# Visual Studio Version 16
VisualStudioVersion = 16.0.31205.134
MinimumVisualStudioVersion = 10.0.40219.1
Project("{FAE04EC0-301F-11D3-BF4B-00C04F79EFBC}") = "Cloud.WebApp", "Cloud.WebApp\Cloud.WebApp.csproj", "{A97FC5B8-9AE7-4ECE-B394-8CCFB10E5F05}"
EndProject
Global
	GlobalSection(SolutionConfigurationPlatforms) = preSolution
		Debug|Any CPU = Debug|Any CPU
		Release|Any CPU = Release|Any CPU
	EndGlobalSection
	GlobalSection(ProjectConfigurationPlatforms) = postSolution
		{A97FC5B8-9AE7-4ECE-B394-8CCFB10E5F05}.Debug|Any CPU.ActiveCfg = Debug|Any CPU
		{A97FC5B8-9AE7-4ECE-B394-8CCFB10E5F05}.Debug|Any CPU.Build.0 = Debug|Any CPU
		{A97FC5B8-9AE7-4ECE-B394-8CCFB10E5F05}.Release|Any CPU.ActiveCfg = Release|Any CPU
		{A97FC5B8-9AE7-4ECE-B394-8CCFB10E5F05}.Release|Any CPU.Build.0 = Release|Any CPU
	EndGlobalSection
	GlobalSection(SolutionProperties) = preSolution
		HideSolutionNode = FALSE
	EndGlobalSection
	GlobalSection(ExtensibilityGlobals) = postSolution
		SolutionGuid = {005CBE2F-588B-44D5-83A7-8B9C1263E810}
	EndGlobalSection
EndGlobal
